
Microsoft Visual Studio Solution File, Format Version 12.00
# Visual Studio 14
VisualStudioVersion = 14.0.25420.1
MinimumVisualStudioVersion = 10.0.40219.1
Project("{FAE04EC0-301F-11D3-BF4B-00C04F79EFBC}") = "MSP_App_2", "MSP_App_2\MSP_App_2\MSP_App_2.csproj", "{1DCFCC52-53D1-4F50-A8FB-DD4D67648A8D}"
EndProject
Project("{FAE04EC0-301F-11D3-BF4B-00C04F79EFBC}") = "MSP_App_2.Droid", "MSP_App_2\MSP_App_2.Droid\MSP_App_2.Droid.csproj", "{F3C50F91-ECCA-4D32-9A88-AD9097CB43C4}"
EndProject
Project("{FAE04EC0-301F-11D3-BF4B-00C04F79EFBC}") = "MSP_App_2.iOS", "MSP_App_2\MSP_App_2.iOS\MSP_App_2.iOS.csproj", "{C914AAFE-62A5-4798-9AF2-0587D5C3B8E1}"
EndProject
Project("{FAE04EC0-301F-11D3-BF4B-00C04F79EFBC}") = "MSP_App_2.WinPhone", "MSP_App_2\MSP_App_2.WinPhone\MSP_App_2.WinPhone.csproj", "{B3BF1B79-E8A0-447C-876A-51D2E839D3E2}"
EndProject
Project("{FAE04EC0-301F-11D3-BF4B-00C04F79EFBC}") = "MSP_App_2.UWP", "MSP_App_2\MSP_App_2.UWP\MSP_App_2.UWP.csproj", "{52B4AAE7-2026-4F67-98F5-CD58DE0F80FE}"
EndProject
Project("{FAE04EC0-301F-11D3-BF4B-00C04F79EFBC}") = "MSP_App_2.Windows", "MSP_App_2\MSP_App_2.Windows\MSP_App_2.Windows.csproj", "{AAC94752-079D-4FFA-83A4-2058E2FA55D9}"
EndProject
Global
	GlobalSection(SolutionConfigurationPlatforms) = preSolution
		Ad-Hoc|Any CPU = Ad-Hoc|Any CPU
		Ad-Hoc|ARM = Ad-Hoc|ARM
		Ad-Hoc|iPhone = Ad-Hoc|iPhone
		Ad-Hoc|iPhoneSimulator = Ad-Hoc|iPhoneSimulator
		Ad-Hoc|x64 = Ad-Hoc|x64
		Ad-Hoc|x86 = Ad-Hoc|x86
		AppStore|Any CPU = AppStore|Any CPU
		AppStore|ARM = AppStore|ARM
		AppStore|iPhone = AppStore|iPhone
		AppStore|iPhoneSimulator = AppStore|iPhoneSimulator
		AppStore|x64 = AppStore|x64
		AppStore|x86 = AppStore|x86
		Debug|Any CPU = Debug|Any CPU
		Debug|ARM = Debug|ARM
		Debug|iPhone = Debug|iPhone
		Debug|iPhoneSimulator = Debug|iPhoneSimulator
		Debug|x64 = Debug|x64
		Debug|x86 = Debug|x86
		Release|Any CPU = Release|Any CPU
		Release|ARM = Release|ARM
		Release|iPhone = Release|iPhone
		Release|iPhoneSimulator = Release|iPhoneSimulator
		Release|x64 = Release|x64
		Release|x86 = Release|x86
	EndGlobalSection
	GlobalSection(ProjectConfigurationPlatforms) = postSolution
		{1DCFCC52-53D1-4F50-A8FB-DD4D67648A8D}.Ad-Hoc|Any CPU.ActiveCfg = Release|Any CPU
		{1DCFCC52-53D1-4F50-A8FB-DD4D67648A8D}.Ad-Hoc|Any CPU.Build.0 = Release|Any CPU
		{1DCFCC52-53D1-4F50-A8FB-DD4D67648A8D}.Ad-Hoc|ARM.ActiveCfg = Release|Any CPU
		{1DCFCC52-53D1-4F50-A8FB-DD4D67648A8D}.Ad-Hoc|ARM.Build.0 = Release|Any CPU
		{1DCFCC52-53D1-4F50-A8FB-DD4D67648A8D}.Ad-Hoc|iPhone.ActiveCfg = Release|Any CPU
		{1DCFCC52-53D1-4F50-A8FB-DD4D67648A8D}.Ad-Hoc|iPhone.Build.0 = Release|Any CPU
		{1DCFCC52-53D1-4F50-A8FB-DD4D67648A8D}.Ad-Hoc|iPhoneSimulator.ActiveCfg = Release|Any CPU
		{1DCFCC52-53D1-4F50-A8FB-DD4D67648A8D}.Ad-Hoc|iPhoneSimulator.Build.0 = Release|Any CPU
		{1DCFCC52-53D1-4F50-A8FB-DD4D67648A8D}.Ad-Hoc|x64.ActiveCfg = Release|Any CPU
		{1DCFCC52-53D1-4F50-A8FB-DD4D67648A8D}.Ad-Hoc|x64.Build.0 = Release|Any CPU
		{1DCFCC52-53D1-4F50-A8FB-DD4D67648A8D}.Ad-Hoc|x86.ActiveCfg = Release|Any CPU
		{1DCFCC52-53D1-4F50-A8FB-DD4D67648A8D}.Ad-Hoc|x86.Build.0 = Release|Any CPU
		{1DCFCC52-53D1-4F50-A8FB-DD4D67648A8D}.AppStore|Any CPU.ActiveCfg = Release|Any CPU
		{1DCFCC52-53D1-4F50-A8FB-DD4D67648A8D}.AppStore|Any CPU.Build.0 = Release|Any CPU
		{1DCFCC52-53D1-4F50-A8FB-DD4D67648A8D}.AppStore|ARM.ActiveCfg = Release|Any CPU
		{1DCFCC52-53D1-4F50-A8FB-DD4D67648A8D}.AppStore|ARM.Build.0 = Release|Any CPU
		{1DCFCC52-53D1-4F50-A8FB-DD4D67648A8D}.AppStore|iPhone.ActiveCfg = Release|Any CPU
		{1DCFCC52-53D1-4F50-A8FB-DD4D67648A8D}.AppStore|iPhone.Build.0 = Release|Any CPU
		{1DCFCC52-53D1-4F50-A8FB-DD4D67648A8D}.AppStore|iPhoneSimulator.ActiveCfg = Release|Any CPU
		{1DCFCC52-53D1-4F50-A8FB-DD4D67648A8D}.AppStore|iPhoneSimulator.Build.0 = Release|Any CPU
		{1DCFCC52-53D1-4F50-A8FB-DD4D67648A8D}.AppStore|x64.ActiveCfg = Release|Any CPU
		{1DCFCC52-53D1-4F50-A8FB-DD4D67648A8D}.AppStore|x64.Build.0 = Release|Any CPU
		{1DCFCC52-53D1-4F50-A8FB-DD4D67648A8D}.AppStore|x86.ActiveCfg = Release|Any CPU
		{1DCFCC52-53D1-4F50-A8FB-DD4D67648A8D}.AppStore|x86.Build.0 = Release|Any CPU
		{1DCFCC52-53D1-4F50-A8FB-DD4D67648A8D}.Debug|Any CPU.ActiveCfg = Debug|Any CPU
		{1DCFCC52-53D1-4F50-A8FB-DD4D67648A8D}.Debug|Any CPU.Build.0 = Debug|Any CPU
		{1DCFCC52-53D1-4F50-A8FB-DD4D67648A8D}.Debug|ARM.ActiveCfg = Debug|Any CPU
		{1DCFCC52-53D1-4F50-A8FB-DD4D67648A8D}.Debug|ARM.Build.0 = Debug|Any CPU
		{1DCFCC52-53D1-4F50-A8FB-DD4D67648A8D}.Debug|iPhone.ActiveCfg = Debug|Any CPU
		{1DCFCC52-53D1-4F50-A8FB-DD4D67648A8D}.Debug|iPhone.Build.0 = Debug|Any CPU
		{1DCFCC52-53D1-4F50-A8FB-DD4D67648A8D}.Debug|iPhoneSimulator.ActiveCfg = Debug|Any CPU
		{1DCFCC52-53D1-4F50-A8FB-DD4D67648A8D}.Debug|iPhoneSimulator.Build.0 = Debug|Any CPU
		{1DCFCC52-53D1-4F50-A8FB-DD4D67648A8D}.Debug|x64.ActiveCfg = Debug|Any CPU
		{1DCFCC52-53D1-4F50-A8FB-DD4D67648A8D}.Debug|x64.Build.0 = Debug|Any CPU
		{1DCFCC52-53D1-4F50-A8FB-DD4D67648A8D}.Debug|x86.ActiveCfg = Debug|Any CPU
		{1DCFCC52-53D1-4F50-A8FB-DD4D67648A8D}.Debug|x86.Build.0 = Debug|Any CPU
		{1DCFCC52-53D1-4F50-A8FB-DD4D67648A8D}.Release|Any CPU.ActiveCfg = Release|Any CPU
		{1DCFCC52-53D1-4F50-A8FB-DD4D67648A8D}.Release|Any CPU.Build.0 = Release|Any CPU
		{1DCFCC52-53D1-4F50-A8FB-DD4D67648A8D}.Release|ARM.ActiveCfg = Release|Any CPU
		{1DCFCC52-53D1-4F50-A8FB-DD4D67648A8D}.Release|ARM.Build.0 = Release|Any CPU
		{1DCFCC52-53D1-4F50-A8FB-DD4D67648A8D}.Release|iPhone.ActiveCfg = Release|Any CPU
		{1DCFCC52-53D1-4F50-A8FB-DD4D67648A8D}.Release|iPhone.Build.0 = Release|Any CPU
		{1DCFCC52-53D1-4F50-A8FB-DD4D67648A8D}.Release|iPhoneSimulator.ActiveCfg = Release|Any CPU
		{1DCFCC52-53D1-4F50-A8FB-DD4D67648A8D}.Release|iPhoneSimulator.Build.0 = Release|Any CPU
		{1DCFCC52-53D1-4F50-A8FB-DD4D67648A8D}.Release|x64.ActiveCfg = Release|Any CPU
		{1DCFCC52-53D1-4F50-A8FB-DD4D67648A8D}.Release|x64.Build.0 = Release|Any CPU
		{1DCFCC52-53D1-4F50-A8FB-DD4D67648A8D}.Release|x86.ActiveCfg = Release|Any CPU
		{1DCFCC52-53D1-4F50-A8FB-DD4D67648A8D}.Release|x86.Build.0 = Release|Any CPU
		{F3C50F91-ECCA-4D32-9A88-AD9097CB43C4}.Ad-Hoc|Any CPU.ActiveCfg = Release|Any CPU
		{F3C50F91-ECCA-4D32-9A88-AD9097CB43C4}.Ad-Hoc|Any CPU.Build.0 = Release|Any CPU
		{F3C50F91-ECCA-4D32-9A88-AD9097CB43C4}.Ad-Hoc|Any CPU.Deploy.0 = Release|Any CPU
		{F3C50F91-ECCA-4D32-9A88-AD9097CB43C4}.Ad-Hoc|ARM.ActiveCfg = Release|Any CPU
		{F3C50F91-ECCA-4D32-9A88-AD9097CB43C4}.Ad-Hoc|ARM.Build.0 = Release|Any CPU
		{F3C50F91-ECCA-4D32-9A88-AD9097CB43C4}.Ad-Hoc|ARM.Deploy.0 = Release|Any CPU
		{F3C50F91-ECCA-4D32-9A88-AD9097CB43C4}.Ad-Hoc|iPhone.ActiveCfg = Release|Any CPU
		{F3C50F91-ECCA-4D32-9A88-AD9097CB43C4}.Ad-Hoc|iPhone.Build.0 = Release|Any CPU
		{F3C50F91-ECCA-4D32-9A88-AD9097CB43C4}.Ad-Hoc|iPhone.Deploy.0 = Release|Any CPU
		{F3C50F91-ECCA-4D32-9A88-AD9097CB43C4}.Ad-Hoc|iPhoneSimulator.ActiveCfg = Release|Any CPU
		{F3C50F91-ECCA-4D32-9A88-AD9097CB43C4}.Ad-Hoc|iPhoneSimulator.Build.0 = Release|Any CPU
		{F3C50F91-ECCA-4D32-9A88-AD9097CB43C4}.Ad-Hoc|iPhoneSimulator.Deploy.0 = Release|Any CPU
		{F3C50F91-ECCA-4D32-9A88-AD9097CB43C4}.Ad-Hoc|x64.ActiveCfg = Release|Any CPU
		{F3C50F91-ECCA-4D32-9A88-AD9097CB43C4}.Ad-Hoc|x64.Build.0 = Release|Any CPU
		{F3C50F91-ECCA-4D32-9A88-AD9097CB43C4}.Ad-Hoc|x64.Deploy.0 = Release|Any CPU
		{F3C50F91-ECCA-4D32-9A88-AD9097CB43C4}.Ad-Hoc|x86.ActiveCfg = Release|Any CPU
		{F3C50F91-ECCA-4D32-9A88-AD9097CB43C4}.Ad-Hoc|x86.Build.0 = Release|Any CPU
		{F3C50F91-ECCA-4D32-9A88-AD9097CB43C4}.Ad-Hoc|x86.Deploy.0 = Release|Any CPU
		{F3C50F91-ECCA-4D32-9A88-AD9097CB43C4}.AppStore|Any CPU.ActiveCfg = Release|Any CPU
		{F3C50F91-ECCA-4D32-9A88-AD9097CB43C4}.AppStore|Any CPU.Build.0 = Release|Any CPU
		{F3C50F91-ECCA-4D32-9A88-AD9097CB43C4}.AppStore|Any CPU.Deploy.0 = Release|Any CPU
		{F3C50F91-ECCA-4D32-9A88-AD9097CB43C4}.AppStore|ARM.ActiveCfg = Release|Any CPU
		{F3C50F91-ECCA-4D32-9A88-AD9097CB43C4}.AppStore|ARM.Build.0 = Release|Any CPU
		{F3C50F91-ECCA-4D32-9A88-AD9097CB43C4}.AppStore|ARM.Deploy.0 = Release|Any CPU
		{F3C50F91-ECCA-4D32-9A88-AD9097CB43C4}.AppStore|iPhone.ActiveCfg = Release|Any CPU
		{F3C50F91-ECCA-4D32-9A88-AD9097CB43C4}.AppStore|iPhone.Build.0 = Release|Any CPU
		{F3C50F91-ECCA-4D32-9A88-AD9097CB43C4}.AppStore|iPhone.Deploy.0 = Release|Any CPU
		{F3C50F91-ECCA-4D32-9A88-AD9097CB43C4}.AppStore|iPhoneSimulator.ActiveCfg = Release|Any CPU
		{F3C50F91-ECCA-4D32-9A88-AD9097CB43C4}.AppStore|iPhoneSimulator.Build.0 = Release|Any CPU
		{F3C50F91-ECCA-4D32-9A88-AD9097CB43C4}.AppStore|iPhoneSimulator.Deploy.0 = Release|Any CPU
		{F3C50F91-ECCA-4D32-9A88-AD9097CB43C4}.AppStore|x64.ActiveCfg = Release|Any CPU
		{F3C50F91-ECCA-4D32-9A88-AD9097CB43C4}.AppStore|x64.Build.0 = Release|Any CPU
		{F3C50F91-ECCA-4D32-9A88-AD9097CB43C4}.AppStore|x64.Deploy.0 = Release|Any CPU
		{F3C50F91-ECCA-4D32-9A88-AD9097CB43C4}.AppStore|x86.ActiveCfg = Release|Any CPU
		{F3C50F91-ECCA-4D32-9A88-AD9097CB43C4}.AppStore|x86.Build.0 = Release|Any CPU
		{F3C50F91-ECCA-4D32-9A88-AD9097CB43C4}.AppStore|x86.Deploy.0 = Release|Any CPU
		{F3C50F91-ECCA-4D32-9A88-AD9097CB43C4}.Debug|Any CPU.ActiveCfg = Debug|Any CPU
		{F3C50F91-ECCA-4D32-9A88-AD9097CB43C4}.Debug|Any CPU.Build.0 = Debug|Any CPU
		{F3C50F91-ECCA-4D32-9A88-AD9097CB43C4}.Debug|Any CPU.Deploy.0 = Debug|Any CPU
		{F3C50F91-ECCA-4D32-9A88-AD9097CB43C4}.Debug|ARM.ActiveCfg = Debug|Any CPU
		{F3C50F91-ECCA-4D32-9A88-AD9097CB43C4}.Debug|ARM.Build.0 = Debug|Any CPU
		{F3C50F91-ECCA-4D32-9A88-AD9097CB43C4}.Debug|ARM.Deploy.0 = Debug|Any CPU
		{F3C50F91-ECCA-4D32-9A88-AD9097CB43C4}.Debug|iPhone.ActiveCfg = Debug|Any CPU
		{F3C50F91-ECCA-4D32-9A88-AD9097CB43C4}.Debug|iPhone.Build.0 = Debug|Any CPU
		{F3C50F91-ECCA-4D32-9A88-AD9097CB43C4}.Debug|iPhone.Deploy.0 = Debug|Any CPU
		{F3C50F91-ECCA-4D32-9A88-AD9097CB43C4}.Debug|iPhoneSimulator.ActiveCfg = Debug|Any CPU
		{F3C50F91-ECCA-4D32-9A88-AD9097CB43C4}.Debug|iPhoneSimulator.Build.0 = Debug|Any CPU
		{F3C50F91-ECCA-4D32-9A88-AD9097CB43C4}.Debug|iPhoneSimulator.Deploy.0 = Debug|Any CPU
		{F3C50F91-ECCA-4D32-9A88-AD9097CB43C4}.Debug|x64.ActiveCfg = Debug|Any CPU
		{F3C50F91-ECCA-4D32-9A88-AD9097CB43C4}.Debug|x64.Build.0 = Debug|Any CPU
		{F3C50F91-ECCA-4D32-9A88-AD9097CB43C4}.Debug|x64.Deploy.0 = Debug|Any CPU
		{F3C50F91-ECCA-4D32-9A88-AD9097CB43C4}.Debug|x86.ActiveCfg = Debug|Any CPU
		{F3C50F91-ECCA-4D32-9A88-AD9097CB43C4}.Debug|x86.Build.0 = Debug|Any CPU
		{F3C50F91-ECCA-4D32-9A88-AD9097CB43C4}.Debug|x86.Deploy.0 = Debug|Any CPU
		{F3C50F91-ECCA-4D32-9A88-AD9097CB43C4}.Release|Any CPU.ActiveCfg = Release|Any CPU
		{F3C50F91-ECCA-4D32-9A88-AD9097CB43C4}.Release|Any CPU.Build.0 = Release|Any CPU
		{F3C50F91-ECCA-4D32-9A88-AD9097CB43C4}.Release|Any CPU.Deploy.0 = Release|Any CPU
		{F3C50F91-ECCA-4D32-9A88-AD9097CB43C4}.Release|ARM.ActiveCfg = Release|Any CPU
		{F3C50F91-ECCA-4D32-9A88-AD9097CB43C4}.Release|ARM.Build.0 = Release|Any CPU
		{F3C50F91-ECCA-4D32-9A88-AD9097CB43C4}.Release|ARM.Deploy.0 = Release|Any CPU
		{F3C50F91-ECCA-4D32-9A88-AD9097CB43C4}.Release|iPhone.ActiveCfg = Release|Any CPU
		{F3C50F91-ECCA-4D32-9A88-AD9097CB43C4}.Release|iPhone.Build.0 = Release|Any CPU
		{F3C50F91-ECCA-4D32-9A88-AD9097CB43C4}.Release|iPhone.Deploy.0 = Release|Any CPU
		{F3C50F91-ECCA-4D32-9A88-AD9097CB43C4}.Release|iPhoneSimulator.ActiveCfg = Release|Any CPU
		{F3C50F91-ECCA-4D32-9A88-AD9097CB43C4}.Release|iPhoneSimulator.Build.0 = Release|Any CPU
		{F3C50F91-ECCA-4D32-9A88-AD9097CB43C4}.Release|iPhoneSimulator.Deploy.0 = Release|Any CPU
		{F3C50F91-ECCA-4D32-9A88-AD9097CB43C4}.Release|x64.ActiveCfg = Release|Any CPU
		{F3C50F91-ECCA-4D32-9A88-AD9097CB43C4}.Release|x64.Build.0 = Release|Any CPU
		{F3C50F91-ECCA-4D32-9A88-AD9097CB43C4}.Release|x64.Deploy.0 = Release|Any CPU
		{F3C50F91-ECCA-4D32-9A88-AD9097CB43C4}.Release|x86.ActiveCfg = Release|Any CPU
		{F3C50F91-ECCA-4D32-9A88-AD9097CB43C4}.Release|x86.Build.0 = Release|Any CPU
		{F3C50F91-ECCA-4D32-9A88-AD9097CB43C4}.Release|x86.Deploy.0 = Release|Any CPU
		{C914AAFE-62A5-4798-9AF2-0587D5C3B8E1}.Ad-Hoc|Any CPU.ActiveCfg = Ad-Hoc|iPhone
		{C914AAFE-62A5-4798-9AF2-0587D5C3B8E1}.Ad-Hoc|ARM.ActiveCfg = Ad-Hoc|iPhone
		{C914AAFE-62A5-4798-9AF2-0587D5C3B8E1}.Ad-Hoc|iPhone.ActiveCfg = Ad-Hoc|iPhone
		{C914AAFE-62A5-4798-9AF2-0587D5C3B8E1}.Ad-Hoc|iPhone.Build.0 = Ad-Hoc|iPhone
		{C914AAFE-62A5-4798-9AF2-0587D5C3B8E1}.Ad-Hoc|iPhoneSimulator.ActiveCfg = Ad-Hoc|iPhoneSimulator
		{C914AAFE-62A5-4798-9AF2-0587D5C3B8E1}.Ad-Hoc|iPhoneSimulator.Build.0 = Ad-Hoc|iPhoneSimulator
		{C914AAFE-62A5-4798-9AF2-0587D5C3B8E1}.Ad-Hoc|x64.ActiveCfg = Ad-Hoc|iPhone
		{C914AAFE-62A5-4798-9AF2-0587D5C3B8E1}.Ad-Hoc|x86.ActiveCfg = Ad-Hoc|iPhone
		{C914AAFE-62A5-4798-9AF2-0587D5C3B8E1}.AppStore|Any CPU.ActiveCfg = AppStore|iPhone
		{C914AAFE-62A5-4798-9AF2-0587D5C3B8E1}.AppStore|ARM.ActiveCfg = AppStore|iPhone
		{C914AAFE-62A5-4798-9AF2-0587D5C3B8E1}.AppStore|iPhone.ActiveCfg = AppStore|iPhone
		{C914AAFE-62A5-4798-9AF2-0587D5C3B8E1}.AppStore|iPhone.Build.0 = AppStore|iPhone
		{C914AAFE-62A5-4798-9AF2-0587D5C3B8E1}.AppStore|iPhoneSimulator.ActiveCfg = AppStore|iPhoneSimulator
		{C914AAFE-62A5-4798-9AF2-0587D5C3B8E1}.AppStore|iPhoneSimulator.Build.0 = AppStore|iPhoneSimulator
		{C914AAFE-62A5-4798-9AF2-0587D5C3B8E1}.AppStore|x64.ActiveCfg = AppStore|iPhone
		{C914AAFE-62A5-4798-9AF2-0587D5C3B8E1}.AppStore|x86.ActiveCfg = AppStore|iPhone
		{C914AAFE-62A5-4798-9AF2-0587D5C3B8E1}.Debug|Any CPU.ActiveCfg = Debug|iPhone
		{C914AAFE-62A5-4798-9AF2-0587D5C3B8E1}.Debug|ARM.ActiveCfg = Debug|iPhone
		{C914AAFE-62A5-4798-9AF2-0587D5C3B8E1}.Debug|iPhone.ActiveCfg = Debug|iPhone
		{C914AAFE-62A5-4798-9AF2-0587D5C3B8E1}.Debug|iPhone.Build.0 = Debug|iPhone
		{C914AAFE-62A5-4798-9AF2-0587D5C3B8E1}.Debug|iPhoneSimulator.ActiveCfg = Debug|iPhoneSimulator
		{C914AAFE-62A5-4798-9AF2-0587D5C3B8E1}.Debug|iPhoneSimulator.Build.0 = Debug|iPhoneSimulator
		{C914AAFE-62A5-4798-9AF2-0587D5C3B8E1}.Debug|x64.ActiveCfg = Debug|iPhone
		{C914AAFE-62A5-4798-9AF2-0587D5C3B8E1}.Debug|x86.ActiveCfg = Debug|iPhone
		{C914AAFE-62A5-4798-9AF2-0587D5C3B8E1}.Release|Any CPU.ActiveCfg = Release|iPhone
		{C914AAFE-62A5-4798-9AF2-0587D5C3B8E1}.Release|ARM.ActiveCfg = Release|iPhone
		{C914AAFE-62A5-4798-9AF2-0587D5C3B8E1}.Release|iPhone.ActiveCfg = Release|iPhone
		{C914AAFE-62A5-4798-9AF2-0587D5C3B8E1}.Release|iPhone.Build.0 = Release|iPhone
		{C914AAFE-62A5-4798-9AF2-0587D5C3B8E1}.Release|iPhoneSimulator.ActiveCfg = Release|iPhoneSimulator
		{C914AAFE-62A5-4798-9AF2-0587D5C3B8E1}.Release|iPhoneSimulator.Build.0 = Release|iPhoneSimulator
		{C914AAFE-62A5-4798-9AF2-0587D5C3B8E1}.Release|x64.ActiveCfg = Release|iPhone
		{C914AAFE-62A5-4798-9AF2-0587D5C3B8E1}.Release|x86.ActiveCfg = Release|iPhone
		{B3BF1B79-E8A0-447C-876A-51D2E839D3E2}.Ad-Hoc|Any CPU.ActiveCfg = Release|Any CPU
		{B3BF1B79-E8A0-447C-876A-51D2E839D3E2}.Ad-Hoc|Any CPU.Build.0 = Release|Any CPU
		{B3BF1B79-E8A0-447C-876A-51D2E839D3E2}.Ad-Hoc|Any CPU.Deploy.0 = Release|Any CPU
		{B3BF1B79-E8A0-447C-876A-51D2E839D3E2}.Ad-Hoc|ARM.ActiveCfg = Release|ARM
		{B3BF1B79-E8A0-447C-876A-51D2E839D3E2}.Ad-Hoc|ARM.Build.0 = Release|ARM
		{B3BF1B79-E8A0-447C-876A-51D2E839D3E2}.Ad-Hoc|ARM.Deploy.0 = Release|ARM
		{B3BF1B79-E8A0-447C-876A-51D2E839D3E2}.Ad-Hoc|iPhone.ActiveCfg = Release|Any CPU
		{B3BF1B79-E8A0-447C-876A-51D2E839D3E2}.Ad-Hoc|iPhone.Build.0 = Release|Any CPU
		{B3BF1B79-E8A0-447C-876A-51D2E839D3E2}.Ad-Hoc|iPhone.Deploy.0 = Release|Any CPU
		{B3BF1B79-E8A0-447C-876A-51D2E839D3E2}.Ad-Hoc|iPhoneSimulator.ActiveCfg = Release|Any CPU
		{B3BF1B79-E8A0-447C-876A-51D2E839D3E2}.Ad-Hoc|iPhoneSimulator.Build.0 = Release|Any CPU
		{B3BF1B79-E8A0-447C-876A-51D2E839D3E2}.Ad-Hoc|iPhoneSimulator.Deploy.0 = Release|Any CPU
		{B3BF1B79-E8A0-447C-876A-51D2E839D3E2}.Ad-Hoc|x64.ActiveCfg = Release|Any CPU
		{B3BF1B79-E8A0-447C-876A-51D2E839D3E2}.Ad-Hoc|x64.Build.0 = Release|Any CPU
		{B3BF1B79-E8A0-447C-876A-51D2E839D3E2}.Ad-Hoc|x64.Deploy.0 = Release|Any CPU
		{B3BF1B79-E8A0-447C-876A-51D2E839D3E2}.Ad-Hoc|x86.ActiveCfg = Release|x86
		{B3BF1B79-E8A0-447C-876A-51D2E839D3E2}.Ad-Hoc|x86.Build.0 = Release|x86
		{B3BF1B79-E8A0-447C-876A-51D2E839D3E2}.Ad-Hoc|x86.Deploy.0 = Release|x86
		{B3BF1B79-E8A0-447C-876A-51D2E839D3E2}.AppStore|Any CPU.ActiveCfg = Release|Any CPU
		{B3BF1B79-E8A0-447C-876A-51D2E839D3E2}.AppStore|Any CPU.Build.0 = Release|Any CPU
		{B3BF1B79-E8A0-447C-876A-51D2E839D3E2}.AppStore|Any CPU.Deploy.0 = Release|Any CPU
		{B3BF1B79-E8A0-447C-876A-51D2E839D3E2}.AppStore|ARM.ActiveCfg = Release|ARM
		{B3BF1B79-E8A0-447C-876A-51D2E839D3E2}.AppStore|ARM.Build.0 = Release|ARM
		{B3BF1B79-E8A0-447C-876A-51D2E839D3E2}.AppStore|ARM.Deploy.0 = Release|ARM
		{B3BF1B79-E8A0-447C-876A-51D2E839D3E2}.AppStore|iPhone.ActiveCfg = Release|Any CPU
		{B3BF1B79-E8A0-447C-876A-51D2E839D3E2}.AppStore|iPhone.Build.0 = Release|Any CPU
		{B3BF1B79-E8A0-447C-876A-51D2E839D3E2}.AppStore|iPhone.Deploy.0 = Release|Any CPU
		{B3BF1B79-E8A0-447C-876A-51D2E839D3E2}.AppStore|iPhoneSimulator.ActiveCfg = Release|Any CPU
		{B3BF1B79-E8A0-447C-876A-51D2E839D3E2}.AppStore|iPhoneSimulator.Build.0 = Release|Any CPU
		{B3BF1B79-E8A0-447C-876A-51D2E839D3E2}.AppStore|iPhoneSimulator.Deploy.0 = Release|Any CPU
		{B3BF1B79-E8A0-447C-876A-51D2E839D3E2}.AppStore|x64.ActiveCfg = Release|Any CPU
		{B3BF1B79-E8A0-447C-876A-51D2E839D3E2}.AppStore|x64.Build.0 = Release|Any CPU
		{B3BF1B79-E8A0-447C-876A-51D2E839D3E2}.AppStore|x64.Deploy.0 = Release|Any CPU
		{B3BF1B79-E8A0-447C-876A-51D2E839D3E2}.AppStore|x86.ActiveCfg = Release|x86
		{B3BF1B79-E8A0-447C-876A-51D2E839D3E2}.AppStore|x86.Build.0 = Release|x86
		{B3BF1B79-E8A0-447C-876A-51D2E839D3E2}.AppStore|x86.Deploy.0 = Release|x86
		{B3BF1B79-E8A0-447C-876A-51D2E839D3E2}.Debug|Any CPU.ActiveCfg = Debug|Any CPU
		{B3BF1B79-E8A0-447C-876A-51D2E839D3E2}.Debug|Any CPU.Build.0 = Debug|Any CPU
		{B3BF1B79-E8A0-447C-876A-51D2E839D3E2}.Debug|Any CPU.Deploy.0 = Debug|Any CPU
		{B3BF1B79-E8A0-447C-876A-51D2E839D3E2}.Debug|ARM.ActiveCfg = Debug|ARM
		{B3BF1B79-E8A0-447C-876A-51D2E839D3E2}.Debug|ARM.Build.0 = Debug|ARM
		{B3BF1B79-E8A0-447C-876A-51D2E839D3E2}.Debug|ARM.Deploy.0 = Debug|ARM
		{B3BF1B79-E8A0-447C-876A-51D2E839D3E2}.Debug|iPhone.ActiveCfg = Debug|Any CPU
		{B3BF1B79-E8A0-447C-876A-51D2E839D3E2}.Debug|iPhone.Build.0 = Debug|Any CPU
		{B3BF1B79-E8A0-447C-876A-51D2E839D3E2}.Debug|iPhone.Deploy.0 = Debug|Any CPU
		{B3BF1B79-E8A0-447C-876A-51D2E839D3E2}.Debug|iPhoneSimulator.ActiveCfg = Debug|Any CPU
		{B3BF1B79-E8A0-447C-876A-51D2E839D3E2}.Debug|iPhoneSimulator.Build.0 = Debug|Any CPU
		{B3BF1B79-E8A0-447C-876A-51D2E839D3E2}.Debug|iPhoneSimulator.Deploy.0 = Debug|Any CPU
		{B3BF1B79-E8A0-447C-876A-51D2E839D3E2}.Debug|x64.ActiveCfg = Debug|Any CPU
		{B3BF1B79-E8A0-447C-876A-51D2E839D3E2}.Debug|x64.Build.0 = Debug|Any CPU
		{B3BF1B79-E8A0-447C-876A-51D2E839D3E2}.Debug|x64.Deploy.0 = Debug|Any CPU
		{B3BF1B79-E8A0-447C-876A-51D2E839D3E2}.Debug|x86.ActiveCfg = Debug|x86
		{B3BF1B79-E8A0-447C-876A-51D2E839D3E2}.Debug|x86.Build.0 = Debug|x86
		{B3BF1B79-E8A0-447C-876A-51D2E839D3E2}.Debug|x86.Deploy.0 = Debug|x86
		{B3BF1B79-E8A0-447C-876A-51D2E839D3E2}.Release|Any CPU.ActiveCfg = Release|Any CPU
		{B3BF1B79-E8A0-447C-876A-51D2E839D3E2}.Release|Any CPU.Build.0 = Release|Any CPU
		{B3BF1B79-E8A0-447C-876A-51D2E839D3E2}.Release|Any CPU.Deploy.0 = Release|Any CPU
		{B3BF1B79-E8A0-447C-876A-51D2E839D3E2}.Release|ARM.ActiveCfg = Release|ARM
		{B3BF1B79-E8A0-447C-876A-51D2E839D3E2}.Release|ARM.Build.0 = Release|ARM
		{B3BF1B79-E8A0-447C-876A-51D2E839D3E2}.Release|ARM.Deploy.0 = Release|ARM
		{B3BF1B79-E8A0-447C-876A-51D2E839D3E2}.Release|iPhone.ActiveCfg = Release|Any CPU
		{B3BF1B79-E8A0-447C-876A-51D2E839D3E2}.Release|iPhone.Build.0 = Release|Any CPU
		{B3BF1B79-E8A0-447C-876A-51D2E839D3E2}.Release|iPhone.Deploy.0 = Release|Any CPU
		{B3BF1B79-E8A0-447C-876A-51D2E839D3E2}.Release|iPhoneSimulator.ActiveCfg = Release|Any CPU
		{B3BF1B79-E8A0-447C-876A-51D2E839D3E2}.Release|iPhoneSimulator.Build.0 = Release|Any CPU
		{B3BF1B79-E8A0-447C-876A-51D2E839D3E2}.Release|iPhoneSimulator.Deploy.0 = Release|Any CPU
		{B3BF1B79-E8A0-447C-876A-51D2E839D3E2}.Release|x64.ActiveCfg = Release|Any CPU
		{B3BF1B79-E8A0-447C-876A-51D2E839D3E2}.Release|x64.Build.0 = Release|Any CPU
		{B3BF1B79-E8A0-447C-876A-51D2E839D3E2}.Release|x64.Deploy.0 = Release|Any CPU
		{B3BF1B79-E8A0-447C-876A-51D2E839D3E2}.Release|x86.ActiveCfg = Release|x86
		{B3BF1B79-E8A0-447C-876A-51D2E839D3E2}.Release|x86.Build.0 = Release|x86
		{B3BF1B79-E8A0-447C-876A-51D2E839D3E2}.Release|x86.Deploy.0 = Release|x86
		{52B4AAE7-2026-4F67-98F5-CD58DE0F80FE}.Ad-Hoc|Any CPU.ActiveCfg = Release|x86
		{52B4AAE7-2026-4F67-98F5-CD58DE0F80FE}.Ad-Hoc|Any CPU.Build.0 = Release|x86
		{52B4AAE7-2026-4F67-98F5-CD58DE0F80FE}.Ad-Hoc|Any CPU.Deploy.0 = Release|x86
		{52B4AAE7-2026-4F67-98F5-CD58DE0F80FE}.Ad-Hoc|ARM.ActiveCfg = Release|ARM
		{52B4AAE7-2026-4F67-98F5-CD58DE0F80FE}.Ad-Hoc|ARM.Build.0 = Release|ARM
		{52B4AAE7-2026-4F67-98F5-CD58DE0F80FE}.Ad-Hoc|ARM.Deploy.0 = Release|ARM
		{52B4AAE7-2026-4F67-98F5-CD58DE0F80FE}.Ad-Hoc|iPhone.ActiveCfg = Release|x86
		{52B4AAE7-2026-4F67-98F5-CD58DE0F80FE}.Ad-Hoc|iPhone.Build.0 = Release|x86
		{52B4AAE7-2026-4F67-98F5-CD58DE0F80FE}.Ad-Hoc|iPhone.Deploy.0 = Release|x86
		{52B4AAE7-2026-4F67-98F5-CD58DE0F80FE}.Ad-Hoc|iPhoneSimulator.ActiveCfg = Release|x86
		{52B4AAE7-2026-4F67-98F5-CD58DE0F80FE}.Ad-Hoc|iPhoneSimulator.Build.0 = Release|x86
		{52B4AAE7-2026-4F67-98F5-CD58DE0F80FE}.Ad-Hoc|iPhoneSimulator.Deploy.0 = Release|x86
		{52B4AAE7-2026-4F67-98F5-CD58DE0F80FE}.Ad-Hoc|x64.ActiveCfg = Release|x64
		{52B4AAE7-2026-4F67-98F5-CD58DE0F80FE}.Ad-Hoc|x64.Build.0 = Release|x64
		{52B4AAE7-2026-4F67-98F5-CD58DE0F80FE}.Ad-Hoc|x64.Deploy.0 = Release|x64
		{52B4AAE7-2026-4F67-98F5-CD58DE0F80FE}.Ad-Hoc|x86.ActiveCfg = Release|x86
		{52B4AAE7-2026-4F67-98F5-CD58DE0F80FE}.Ad-Hoc|x86.Build.0 = Release|x86
		{52B4AAE7-2026-4F67-98F5-CD58DE0F80FE}.Ad-Hoc|x86.Deploy.0 = Release|x86
		{52B4AAE7-2026-4F67-98F5-CD58DE0F80FE}.AppStore|Any CPU.ActiveCfg = Release|x86
		{52B4AAE7-2026-4F67-98F5-CD58DE0F80FE}.AppStore|Any CPU.Build.0 = Release|x86
		{52B4AAE7-2026-4F67-98F5-CD58DE0F80FE}.AppStore|Any CPU.Deploy.0 = Release|x86
		{52B4AAE7-2026-4F67-98F5-CD58DE0F80FE}.AppStore|ARM.ActiveCfg = Release|ARM
		{52B4AAE7-2026-4F67-98F5-CD58DE0F80FE}.AppStore|ARM.Build.0 = Release|ARM
		{52B4AAE7-2026-4F67-98F5-CD58DE0F80FE}.AppStore|ARM.Deploy.0 = Release|ARM
		{52B4AAE7-2026-4F67-98F5-CD58DE0F80FE}.AppStore|iPhone.ActiveCfg = Release|x86
		{52B4AAE7-2026-4F67-98F5-CD58DE0F80FE}.AppStore|iPhone.Build.0 = Release|x86
		{52B4AAE7-2026-4F67-98F5-CD58DE0F80FE}.AppStore|iPhone.Deploy.0 = Release|x86
		{52B4AAE7-2026-4F67-98F5-CD58DE0F80FE}.AppStore|iPhoneSimulator.ActiveCfg = Release|x86
		{52B4AAE7-2026-4F67-98F5-CD58DE0F80FE}.AppStore|iPhoneSimulator.Build.0 = Release|x86
		{52B4AAE7-2026-4F67-98F5-CD58DE0F80FE}.AppStore|iPhoneSimulator.Deploy.0 = Release|x86
		{52B4AAE7-2026-4F67-98F5-CD58DE0F80FE}.AppStore|x64.ActiveCfg = Release|x64
		{52B4AAE7-2026-4F67-98F5-CD58DE0F80FE}.AppStore|x64.Build.0 = Release|x64
		{52B4AAE7-2026-4F67-98F5-CD58DE0F80FE}.AppStore|x64.Deploy.0 = Release|x64
		{52B4AAE7-2026-4F67-98F5-CD58DE0F80FE}.AppStore|x86.ActiveCfg = Release|x86
		{52B4AAE7-2026-4F67-98F5-CD58DE0F80FE}.AppStore|x86.Build.0 = Release|x86
		{52B4AAE7-2026-4F67-98F5-CD58DE0F80FE}.AppStore|x86.Deploy.0 = Release|x86
		{52B4AAE7-2026-4F67-98F5-CD58DE0F80FE}.Debug|Any CPU.ActiveCfg = Debug|x86
		{52B4AAE7-2026-4F67-98F5-CD58DE0F80FE}.Debug|ARM.ActiveCfg = Debug|ARM
		{52B4AAE7-2026-4F67-98F5-CD58DE0F80FE}.Debug|ARM.Build.0 = Debug|ARM
		{52B4AAE7-2026-4F67-98F5-CD58DE0F80FE}.Debug|ARM.Deploy.0 = Debug|ARM
		{52B4AAE7-2026-4F67-98F5-CD58DE0F80FE}.Debug|iPhone.ActiveCfg = Debug|x86
		{52B4AAE7-2026-4F67-98F5-CD58DE0F80FE}.Debug|iPhoneSimulator.ActiveCfg = Debug|x86
		{52B4AAE7-2026-4F67-98F5-CD58DE0F80FE}.Debug|x64.ActiveCfg = Debug|x64
		{52B4AAE7-2026-4F67-98F5-CD58DE0F80FE}.Debug|x64.Build.0 = Debug|x64
		{52B4AAE7-2026-4F67-98F5-CD58DE0F80FE}.Debug|x64.Deploy.0 = Debug|x64
		{52B4AAE7-2026-4F67-98F5-CD58DE0F80FE}.Debug|x86.ActiveCfg = Debug|x86
		{52B4AAE7-2026-4F67-98F5-CD58DE0F80FE}.Debug|x86.Build.0 = Debug|x86
		{52B4AAE7-2026-4F67-98F5-CD58DE0F80FE}.Debug|x86.Deploy.0 = Debug|x86
		{52B4AAE7-2026-4F67-98F5-CD58DE0F80FE}.Release|Any CPU.ActiveCfg = Release|x86
		{52B4AAE7-2026-4F67-98F5-CD58DE0F80FE}.Release|ARM.ActiveCfg = Release|ARM
		{52B4AAE7-2026-4F67-98F5-CD58DE0F80FE}.Release|ARM.Build.0 = Release|ARM
		{52B4AAE7-2026-4F67-98F5-CD58DE0F80FE}.Release|ARM.Deploy.0 = Release|ARM
		{52B4AAE7-2026-4F67-98F5-CD58DE0F80FE}.Release|iPhone.ActiveCfg = Release|x86
		{52B4AAE7-2026-4F67-98F5-CD58DE0F80FE}.Release|iPhoneSimulator.ActiveCfg = Release|x86
		{52B4AAE7-2026-4F67-98F5-CD58DE0F80FE}.Release|x64.ActiveCfg = Release|x64
		{52B4AAE7-2026-4F67-98F5-CD58DE0F80FE}.Release|x64.Build.0 = Release|x64
		{52B4AAE7-2026-4F67-98F5-CD58DE0F80FE}.Release|x64.Deploy.0 = Release|x64
		{52B4AAE7-2026-4F67-98F5-CD58DE0F80FE}.Release|x86.ActiveCfg = Release|x86
		{52B4AAE7-2026-4F67-98F5-CD58DE0F80FE}.Release|x86.Build.0 = Release|x86
		{52B4AAE7-2026-4F67-98F5-CD58DE0F80FE}.Release|x86.Deploy.0 = Release|x86
		{AAC94752-079D-4FFA-83A4-2058E2FA55D9}.Ad-Hoc|Any CPU.ActiveCfg = Release|Any CPU
		{AAC94752-079D-4FFA-83A4-2058E2FA55D9}.Ad-Hoc|Any CPU.Build.0 = Release|Any CPU
		{AAC94752-079D-4FFA-83A4-2058E2FA55D9}.Ad-Hoc|Any CPU.Deploy.0 = Release|Any CPU
		{AAC94752-079D-4FFA-83A4-2058E2FA55D9}.Ad-Hoc|ARM.ActiveCfg = Release|ARM
		{AAC94752-079D-4FFA-83A4-2058E2FA55D9}.Ad-Hoc|ARM.Build.0 = Release|ARM
		{AAC94752-079D-4FFA-83A4-2058E2FA55D9}.Ad-Hoc|ARM.Deploy.0 = Release|ARM
		{AAC94752-079D-4FFA-83A4-2058E2FA55D9}.Ad-Hoc|iPhone.ActiveCfg = Release|Any CPU
		{AAC94752-079D-4FFA-83A4-2058E2FA55D9}.Ad-Hoc|iPhone.Build.0 = Release|Any CPU
		{AAC94752-079D-4FFA-83A4-2058E2FA55D9}.Ad-Hoc|iPhone.Deploy.0 = Release|Any CPU
		{AAC94752-079D-4FFA-83A4-2058E2FA55D9}.Ad-Hoc|iPhoneSimulator.ActiveCfg = Release|Any CPU
		{AAC94752-079D-4FFA-83A4-2058E2FA55D9}.Ad-Hoc|iPhoneSimulator.Build.0 = Release|Any CPU
		{AAC94752-079D-4FFA-83A4-2058E2FA55D9}.Ad-Hoc|iPhoneSimulator.Deploy.0 = Release|Any CPU
		{AAC94752-079D-4FFA-83A4-2058E2FA55D9}.Ad-Hoc|x64.ActiveCfg = Release|x64
		{AAC94752-079D-4FFA-83A4-2058E2FA55D9}.Ad-Hoc|x64.Build.0 = Release|x64
		{AAC94752-079D-4FFA-83A4-2058E2FA55D9}.Ad-Hoc|x64.Deploy.0 = Release|x64
		{AAC94752-079D-4FFA-83A4-2058E2FA55D9}.Ad-Hoc|x86.ActiveCfg = Release|x86
		{AAC94752-079D-4FFA-83A4-2058E2FA55D9}.Ad-Hoc|x86.Build.0 = Release|x86
		{AAC94752-079D-4FFA-83A4-2058E2FA55D9}.Ad-Hoc|x86.Deploy.0 = Release|x86
		{AAC94752-079D-4FFA-83A4-2058E2FA55D9}.AppStore|Any CPU.ActiveCfg = Release|Any CPU
		{AAC94752-079D-4FFA-83A4-2058E2FA55D9}.AppStore|Any CPU.Build.0 = Release|Any CPU
		{AAC94752-079D-4FFA-83A4-2058E2FA55D9}.AppStore|Any CPU.Deploy.0 = Release|Any CPU
		{AAC94752-079D-4FFA-83A4-2058E2FA55D9}.AppStore|ARM.ActiveCfg = Release|ARM
		{AAC94752-079D-4FFA-83A4-2058E2FA55D9}.AppStore|ARM.Build.0 = Release|ARM
		{AAC94752-079D-4FFA-83A4-2058E2FA55D9}.AppStore|ARM.Deploy.0 = Release|ARM
		{AAC94752-079D-4FFA-83A4-2058E2FA55D9}.AppStore|iPhone.ActiveCfg = Release|Any CPU
		{AAC94752-079D-4FFA-83A4-2058E2FA55D9}.AppStore|iPhone.Build.0 = Release|Any CPU
		{AAC94752-079D-4FFA-83A4-2058E2FA55D9}.AppStore|iPhone.Deploy.0 = Release|Any CPU
		{AAC94752-079D-4FFA-83A4-2058E2FA55D9}.AppStore|iPhoneSimulator.ActiveCfg = Release|Any CPU
		{AAC94752-079D-4FFA-83A4-2058E2FA55D9}.AppStore|iPhoneSimulator.Build.0 = Release|Any CPU
		{AAC94752-079D-4FFA-83A4-2058E2FA55D9}.AppStore|iPhoneSimulator.Deploy.0 = Release|Any CPU
		{AAC94752-079D-4FFA-83A4-2058E2FA55D9}.AppStore|x64.ActiveCfg = Release|x64
		{AAC94752-079D-4FFA-83A4-2058E2FA55D9}.AppStore|x64.Build.0 = Release|x64
		{AAC94752-079D-4FFA-83A4-2058E2FA55D9}.AppStore|x64.Deploy.0 = Release|x64
		{AAC94752-079D-4FFA-83A4-2058E2FA55D9}.AppStore|x86.ActiveCfg = Release|x86
		{AAC94752-079D-4FFA-83A4-2058E2FA55D9}.AppStore|x86.Build.0 = Release|x86
		{AAC94752-079D-4FFA-83A4-2058E2FA55D9}.AppStore|x86.Deploy.0 = Release|x86
		{AAC94752-079D-4FFA-83A4-2058E2FA55D9}.Debug|Any CPU.ActiveCfg = Debug|Any CPU
		{AAC94752-079D-4FFA-83A4-2058E2FA55D9}.Debug|Any CPU.Build.0 = Debug|Any CPU
		{AAC94752-079D-4FFA-83A4-2058E2FA55D9}.Debug|Any CPU.Deploy.0 = Debug|Any CPU
		{AAC94752-079D-4FFA-83A4-2058E2FA55D9}.Debug|ARM.ActiveCfg = Debug|ARM
		{AAC94752-079D-4FFA-83A4-2058E2FA55D9}.Debug|ARM.Build.0 = Debug|ARM
		{AAC94752-079D-4FFA-83A4-2058E2FA55D9}.Debug|ARM.Deploy.0 = Debug|ARM
		{AAC94752-079D-4FFA-83A4-2058E2FA55D9}.Debug|iPhone.ActiveCfg = Debug|Any CPU
		{AAC94752-079D-4FFA-83A4-2058E2FA55D9}.Debug|iPhone.Build.0 = Debug|Any CPU
		{AAC94752-079D-4FFA-83A4-2058E2FA55D9}.Debug|iPhone.Deploy.0 = Debug|Any CPU
		{AAC94752-079D-4FFA-83A4-2058E2FA55D9}.Debug|iPhoneSimulator.ActiveCfg = Debug|Any CPU
		{AAC94752-079D-4FFA-83A4-2058E2FA55D9}.Debug|iPhoneSimulator.Build.0 = Debug|Any CPU
		{AAC94752-079D-4FFA-83A4-2058E2FA55D9}.Debug|iPhoneSimulator.Deploy.0 = Debug|Any CPU
		{AAC94752-079D-4FFA-83A4-2058E2FA55D9}.Debug|x64.ActiveCfg = Debug|x64
		{AAC94752-079D-4FFA-83A4-2058E2FA55D9}.Debug|x64.Build.0 = Debug|x64
		{AAC94752-079D-4FFA-83A4-2058E2FA55D9}.Debug|x64.Deploy.0 = Debug|x64
		{AAC94752-079D-4FFA-83A4-2058E2FA55D9}.Debug|x86.ActiveCfg = Debug|x86
		{AAC94752-079D-4FFA-83A4-2058E2FA55D9}.Debug|x86.Build.0 = Debug|x86
		{AAC94752-079D-4FFA-83A4-2058E2FA55D9}.Debug|x86.Deploy.0 = Debug|x86
		{AAC94752-079D-4FFA-83A4-2058E2FA55D9}.Release|Any CPU.ActiveCfg = Release|Any CPU
		{AAC94752-079D-4FFA-83A4-2058E2FA55D9}.Release|Any CPU.Build.0 = Release|Any CPU
		{AAC94752-079D-4FFA-83A4-2058E2FA55D9}.Release|Any CPU.Deploy.0 = Release|Any CPU
		{AAC94752-079D-4FFA-83A4-2058E2FA55D9}.Release|ARM.ActiveCfg = Release|ARM
		{AAC94752-079D-4FFA-83A4-2058E2FA55D9}.Release|ARM.Build.0 = Release|ARM
		{AAC94752-079D-4FFA-83A4-2058E2FA55D9}.Release|ARM.Deploy.0 = Release|ARM
		{AAC94752-079D-4FFA-83A4-2058E2FA55D9}.Release|iPhone.ActiveCfg = Release|Any CPU
		{AAC94752-079D-4FFA-83A4-2058E2FA55D9}.Release|iPhone.Build.0 = Release|Any CPU
		{AAC94752-079D-4FFA-83A4-2058E2FA55D9}.Release|iPhone.Deploy.0 = Release|Any CPU
		{AAC94752-079D-4FFA-83A4-2058E2FA55D9}.Release|iPhoneSimulator.ActiveCfg = Release|Any CPU
		{AAC94752-079D-4FFA-83A4-2058E2FA55D9}.Release|iPhoneSimulator.Build.0 = Release|Any CPU
		{AAC94752-079D-4FFA-83A4-2058E2FA55D9}.Release|iPhoneSimulator.Deploy.0 = Release|Any CPU
		{AAC94752-079D-4FFA-83A4-2058E2FA55D9}.Release|x64.ActiveCfg = Release|x64
		{AAC94752-079D-4FFA-83A4-2058E2FA55D9}.Release|x64.Build.0 = Release|x64
		{AAC94752-079D-4FFA-83A4-2058E2FA55D9}.Release|x64.Deploy.0 = Release|x64
		{AAC94752-079D-4FFA-83A4-2058E2FA55D9}.Release|x86.ActiveCfg = Release|x86
		{AAC94752-079D-4FFA-83A4-2058E2FA55D9}.Release|x86.Build.0 = Release|x86
		{AAC94752-079D-4FFA-83A4-2058E2FA55D9}.Release|x86.Deploy.0 = Release|x86
	EndGlobalSection
	GlobalSection(SolutionProperties) = preSolution
		HideSolutionNode = FALSE
	EndGlobalSection
EndGlobal
